// !$*UTF8*$!
{
	archiveVersion = 1;
	classes = {
	};
	objectVersion = 48;
	objects = {

/* Begin PBXBuildFile section */
		66252EB221C38E1F00533499 /* AppDelegate.m in Sources */ = {isa = PBXBuildFile; fileRef = 66252EB121C38E1F00533499 /* AppDelegate.m */; };
		66252EB521C38E1F00533499 /* ViewController.m in Sources */ = {isa = PBXBuildFile; fileRef = 66252EB421C38E1F00533499 /* ViewController.m */; };
		66252EB821C38E1F00533499 /* Main.storyboard in Resources */ = {isa = PBXBuildFile; fileRef = 66252EB621C38E1F00533499 /* Main.storyboard */; };
		66252EBB21C38E1F00533499 /* DetectorSample.xcdatamodeld in Sources */ = {isa = PBXBuildFile; fileRef = 66252EB921C38E1F00533499 /* DetectorSample.xcdatamodeld */; };
		66252EBD21C38E1F00533499 /* Assets.xcassets in Resources */ = {isa = PBXBuildFile; fileRef = 66252EBC21C38E1F00533499 /* Assets.xcassets */; };
		66252EC021C38E1F00533499 /* LaunchScreen.storyboard in Resources */ = {isa = PBXBuildFile; fileRef = 66252EBE21C38E1F00533499 /* LaunchScreen.storyboard */; };
		66252EC321C38E1F00533499 /* main.m in Sources */ = {isa = PBXBuildFile; fileRef = 66252EC221C38E1F00533499 /* main.m */; };
		66F2F1DF21C894B700BACC19 /* FFmpegConverOC.m in Sources */ = {isa = PBXBuildFile; fileRef = 66F2F14821C894AD00BACC19 /* FFmpegConverOC.m */; };
		66F2F1E021C894B700BACC19 /* cmdutils.c in Sources */ = {isa = PBXBuildFile; fileRef = 66F2F14B21C894AD00BACC19 /* cmdutils.c */; };
		66F2F1E121C894B700BACC19 /* ffmpeg.c in Sources */ = {isa = PBXBuildFile; fileRef = 66F2F14F21C894AD00BACC19 /* ffmpeg.c */; };
		66F2F1E221C894B700BACC19 /* ffmpeg_filter.c in Sources */ = {isa = PBXBuildFile; fileRef = 66F2F15121C894AD00BACC19 /* ffmpeg_filter.c */; };
		66F2F1E321C894B700BACC19 /* ffmpeg_opt.c in Sources */ = {isa = PBXBuildFile; fileRef = 66F2F15221C894AD00BACC19 /* ffmpeg_opt.c */; };
		66F2F1E421C894B700BACC19 /* ffmpeg_videotoolbox.c in Sources */ = {isa = PBXBuildFile; fileRef = 66F2F15321C894AD00BACC19 /* ffmpeg_videotoolbox.c */; };
		66F2F1E521C894B700BACC19 /* libavcodec.a in Frameworks */ = {isa = PBXBuildFile; fileRef = 66F2F15521C894B500BACC19 /* libavcodec.a */; };
		66F2F1E621C894B700BACC19 /* libavdevice.a in Frameworks */ = {isa = PBXBuildFile; fileRef = 66F2F15621C894B500BACC19 /* libavdevice.a */; };
		66F2F1E721C894B700BACC19 /* libavfilter.a in Frameworks */ = {isa = PBXBuildFile; fileRef = 66F2F15721C894B500BACC19 /* libavfilter.a */; };
		66F2F1E821C894B700BACC19 /* libavformat.a in Frameworks */ = {isa = PBXBuildFile; fileRef = 66F2F15821C894B500BACC19 /* libavformat.a */; };
		66F2F1E921C894B700BACC19 /* libavutil.a in Frameworks */ = {isa = PBXBuildFile; fileRef = 66F2F15921C894B500BACC19 /* libavutil.a */; };
		66F2F1EA21C894B700BACC19 /* libswresample.a in Frameworks */ = {isa = PBXBuildFile; fileRef = 66F2F15A21C894B500BACC19 /* libswresample.a */; };
		66F2F1EB21C894B700BACC19 /* libswscale.a in Frameworks */ = {isa = PBXBuildFile; fileRef = 66F2F15B21C894B500BACC19 /* libswscale.a */; };
		66F2F1EC21C894B700BACC19 /* FFmpegManager.m in Sources */ = {isa = PBXBuildFile; fileRef = 66F2F15C21C894B500BACC19 /* FFmpegManager.m */; };
		66F2F1EE21C8956F00BACC19 /* libz.tbd in Frameworks */ = {isa = PBXBuildFile; fileRef = 66F2F1ED21C8956700BACC19 /* libz.tbd */; };
		66F2F1F021C8958200BACC19 /* libiconv.tbd in Frameworks */ = {isa = PBXBuildFile; fileRef = 66F2F1EF21C8958200BACC19 /* libiconv.tbd */; };
		66F2F1F221C8958D00BACC19 /* libbz2.1.0.tbd in Frameworks */ = {isa = PBXBuildFile; fileRef = 66F2F1F121C8958D00BACC19 /* libbz2.1.0.tbd */; };
		66F2F1F421C8959E00BACC19 /* OpenGLES.framework in Frameworks */ = {isa = PBXBuildFile; fileRef = 66F2F1F321C8959600BACC19 /* OpenGLES.framework */; };
		66F2F1F621C895B600BACC19 /* VideoToolbox.framework in Frameworks */ = {isa = PBXBuildFile; fileRef = 66F2F1F521C895AB00BACC19 /* VideoToolbox.framework */; };
		66F2F1F821C895C800BACC19 /* AVFoundation.framework in Frameworks */ = {isa = PBXBuildFile; fileRef = 66F2F1F721C895C200BACC19 /* AVFoundation.framework */; };
		66F2F1FA21C895D600BACC19 /* MediaPlayer.framework in Frameworks */ = {isa = PBXBuildFile; fileRef = 66F2F1F921C895D100BACC19 /* MediaPlayer.framework */; };
		66F2F1FC21C895E700BACC19 /* CoreMedia.framework in Frameworks */ = {isa = PBXBuildFile; fileRef = 66F2F1FB21C895E100BACC19 /* CoreMedia.framework */; };
		66F2F1FE21C895F300BACC19 /* AudioToolbox.framework in Frameworks */ = {isa = PBXBuildFile; fileRef = 66F2F1FD21C895EF00BACC19 /* AudioToolbox.framework */; };
		66F2F20021C8960100BACC19 /* QuartzCore.framework in Frameworks */ = {isa = PBXBuildFile; fileRef = 66F2F1FF21C895FC00BACC19 /* QuartzCore.framework */; };
		66F2F20221C8961400BACC19 /* CoreGraphics.framework in Frameworks */ = {isa = PBXBuildFile; fileRef = 66F2F20121C8960E00BACC19 /* CoreGraphics.framework */; };
		66F2F20421C8962500BACC19 /* CoreVideo.framework in Frameworks */ = {isa = PBXBuildFile; fileRef = 66F2F20321C8961C00BACC19 /* CoreVideo.framework */; };
		66F2F20621C8963200BACC19 /* CoreAudio.framework in Frameworks */ = {isa = PBXBuildFile; fileRef = 66F2F20521C8962C00BACC19 /* CoreAudio.framework */; };
		66F2F77421C7A8FD00487797 /* img_one.jpg in Resources */ = {isa = PBXBuildFile; fileRef = 66F2F77321C7A8FD00487797 /* img_one.jpg */; };
		66F2F77621C7AB1D00487797 /* img_two.jpg in Resources */ = {isa = PBXBuildFile; fileRef = 66F2F77521C7AB1D00487797 /* img_two.jpg */; };
/* End PBXBuildFile section */

/* Begin PBXFileReference section */
		66252EAD21C38E1F00533499 /* DetectorSample.app */ = {isa = PBXFileReference; explicitFileType = wrapper.application; includeInIndex = 0; path = DetectorSample.app; sourceTree = BUILT_PRODUCTS_DIR; };
		66252EB021C38E1F00533499 /* AppDelegate.h */ = {isa = PBXFileReference; lastKnownFileType = sourcecode.c.h; path = AppDelegate.h; sourceTree = "<group>"; };
		66252EB121C38E1F00533499 /* AppDelegate.m */ = {isa = PBXFileReference; lastKnownFileType = sourcecode.c.objc; path = AppDelegate.m; sourceTree = "<group>"; };
		66252EB321C38E1F00533499 /* ViewController.h */ = {isa = PBXFileReference; lastKnownFileType = sourcecode.c.h; path = ViewController.h; sourceTree = "<group>"; };
		66252EB421C38E1F00533499 /* ViewController.m */ = {isa = PBXFileReference; lastKnownFileType = sourcecode.c.objc; path = ViewController.m; sourceTree = "<group>"; };
		66252EB721C38E1F00533499 /* Base */ = {isa = PBXFileReference; lastKnownFileType = file.storyboard; name = Base; path = Base.lproj/Main.storyboard; sourceTree = "<group>"; };
		66252EBA21C38E1F00533499 /* DetectorSample.xcdatamodel */ = {isa = PBXFileReference; lastKnownFileType = wrapper.xcdatamodel; path = DetectorSample.xcdatamodel; sourceTree = "<group>"; };
		66252EBC21C38E1F00533499 /* Assets.xcassets */ = {isa = PBXFileReference; lastKnownFileType = folder.assetcatalog; path = Assets.xcassets; sourceTree = "<group>"; };
		66252EBF21C38E1F00533499 /* Base */ = {isa = PBXFileReference; lastKnownFileType = file.storyboard; name = Base; path = Base.lproj/LaunchScreen.storyboard; sourceTree = "<group>"; };
		66252EC121C38E1F00533499 /* Info.plist */ = {isa = PBXFileReference; lastKnownFileType = text.plist.xml; path = Info.plist; sourceTree = "<group>"; };
		66252EC221C38E1F00533499 /* main.m */ = {isa = PBXFileReference; lastKnownFileType = sourcecode.c.objc; path = main.m; sourceTree = "<group>"; };
		66252ECA21C3A8FC00533499 /* CFNetwork.framework */ = {isa = PBXFileReference; lastKnownFileType = wrapper.framework; name = CFNetwork.framework; path = System/Library/Frameworks/CFNetwork.framework; sourceTree = SDKROOT; };
		66F2F14821C894AD00BACC19 /* FFmpegConverOC.m */ = {isa = PBXFileReference; fileEncoding = 4; lastKnownFileType = sourcecode.c.objc; path = FFmpegConverOC.m; sourceTree = "<group>"; };
		66F2F14921C894AD00BACC19 /* FFmpegConverOC.h */ = {isa = PBXFileReference; fileEncoding = 4; lastKnownFileType = sourcecode.c.h; path = FFmpegConverOC.h; sourceTree = "<group>"; };
		66F2F14B21C894AD00BACC19 /* cmdutils.c */ = {isa = PBXFileReference; fileEncoding = 4; lastKnownFileType = sourcecode.c.c; path = cmdutils.c; sourceTree = "<group>"; };
		66F2F14C21C894AD00BACC19 /* cmdutils.h */ = {isa = PBXFileReference; fileEncoding = 4; lastKnownFileType = sourcecode.c.h; path = cmdutils.h; sourceTree = "<group>"; };
		66F2F14D21C894AD00BACC19 /* cmdutils_common_opts.h */ = {isa = PBXFileReference; fileEncoding = 4; lastKnownFileType = sourcecode.c.h; path = cmdutils_common_opts.h; sourceTree = "<group>"; };
		66F2F14E21C894AD00BACC19 /* config.h */ = {isa = PBXFileReference; fileEncoding = 4; lastKnownFileType = sourcecode.c.h; path = config.h; sourceTree = "<group>"; };
		66F2F14F21C894AD00BACC19 /* ffmpeg.c */ = {isa = PBXFileReference; fileEncoding = 4; lastKnownFileType = sourcecode.c.c; path = ffmpeg.c; sourceTree = "<group>"; };
		66F2F15021C894AD00BACC19 /* ffmpeg.h */ = {isa = PBXFileReference; fileEncoding = 4; lastKnownFileType = sourcecode.c.h; path = ffmpeg.h; sourceTree = "<group>"; };
		66F2F15121C894AD00BACC19 /* ffmpeg_filter.c */ = {isa = PBXFileReference; fileEncoding = 4; lastKnownFileType = sourcecode.c.c; path = ffmpeg_filter.c; sourceTree = "<group>"; };
		66F2F15221C894AD00BACC19 /* ffmpeg_opt.c */ = {isa = PBXFileReference; fileEncoding = 4; lastKnownFileType = sourcecode.c.c; path = ffmpeg_opt.c; sourceTree = "<group>"; };
		66F2F15321C894AD00BACC19 /* ffmpeg_videotoolbox.c */ = {isa = PBXFileReference; fileEncoding = 4; lastKnownFileType = sourcecode.c.c; path = ffmpeg_videotoolbox.c; sourceTree = "<group>"; };
		66F2F15521C894B500BACC19 /* libavcodec.a */ = {isa = PBXFileReference; lastKnownFileType = archive.ar; path = libavcodec.a; sourceTree = "<group>"; };
		66F2F15621C894B500BACC19 /* libavdevice.a */ = {isa = PBXFileReference; lastKnownFileType = archive.ar; path = libavdevice.a; sourceTree = "<group>"; };
		66F2F15721C894B500BACC19 /* libavfilter.a */ = {isa = PBXFileReference; lastKnownFileType = archive.ar; path = libavfilter.a; sourceTree = "<group>"; };
		66F2F15821C894B500BACC19 /* libavformat.a */ = {isa = PBXFileReference; lastKnownFileType = archive.ar; path = libavformat.a; sourceTree = "<group>"; };
		66F2F15921C894B500BACC19 /* libavutil.a */ = {isa = PBXFileReference; lastKnownFileType = archive.ar; path = libavutil.a; sourceTree = "<group>"; };
		66F2F15A21C894B500BACC19 /* libswresample.a */ = {isa = PBXFileReference; lastKnownFileType = archive.ar; path = libswresample.a; sourceTree = "<group>"; };
		66F2F15B21C894B500BACC19 /* libswscale.a */ = {isa = PBXFileReference; lastKnownFileType = archive.ar; path = libswscale.a; sourceTree = "<group>"; };
		66F2F15C21C894B500BACC19 /* FFmpegManager.m */ = {isa = PBXFileReference; fileEncoding = 4; lastKnownFileType = sourcecode.c.objc; path = FFmpegManager.m; sourceTree = "<group>"; };
		66F2F15F21C894B700BACC19 /* va_copy.h */ = {isa = PBXFileReference; fileEncoding = 4; lastKnownFileType = sourcecode.c.h; path = va_copy.h; sourceTree = "<group>"; };
		66F2F16121C894B700BACC19 /* avcodec.h */ = {isa = PBXFileReference; fileEncoding = 4; lastKnownFileType = sourcecode.c.h; path = avcodec.h; sourceTree = "<group>"; };
		66F2F16221C894B700BACC19 /* avdct.h */ = {isa = PBXFileReference; fileEncoding = 4; lastKnownFileType = sourcecode.c.h; path = avdct.h; sourceTree = "<group>"; };
		66F2F16321C894B700BACC19 /* avfft.h */ = {isa = PBXFileReference; fileEncoding = 4; lastKnownFileType = sourcecode.c.h; path = avfft.h; sourceTree = "<group>"; };
		66F2F16421C894B700BACC19 /* d3d11va.h */ = {isa = PBXFileReference; fileEncoding = 4; lastKnownFileType = sourcecode.c.h; path = d3d11va.h; sourceTree = "<group>"; };
		66F2F16521C894B700BACC19 /* dirac.h */ = {isa = PBXFileReference; fileEncoding = 4; lastKnownFileType = sourcecode.c.h; path = dirac.h; sourceTree = "<group>"; };
		66F2F16621C894B700BACC19 /* dv_profile.h */ = {isa = PBXFileReference; fileEncoding = 4; lastKnownFileType = sourcecode.c.h; path = dv_profile.h; sourceTree = "<group>"; };
		66F2F16721C894B700BACC19 /* dxva2.h */ = {isa = PBXFileReference; fileEncoding = 4; lastKnownFileType = sourcecode.c.h; path = dxva2.h; sourceTree = "<group>"; };
		66F2F16821C894B700BACC19 /* mathops.h */ = {isa = PBXFileReference; fileEncoding = 4; lastKnownFileType = sourcecode.c.h; path = mathops.h; sourceTree = "<group>"; };
		66F2F16921C894B700BACC19 /* qsv.h */ = {isa = PBXFileReference; fileEncoding = 4; lastKnownFileType = sourcecode.c.h; path = qsv.h; sourceTree = "<group>"; };
		66F2F16A21C894B700BACC19 /* vaapi.h */ = {isa = PBXFileReference; fileEncoding = 4; lastKnownFileType = sourcecode.c.h; path = vaapi.h; sourceTree = "<group>"; };
		66F2F16B21C894B700BACC19 /* vda.h */ = {isa = PBXFileReference; fileEncoding = 4; lastKnownFileType = sourcecode.c.h; path = vda.h; sourceTree = "<group>"; };
		66F2F16C21C894B700BACC19 /* vdpau.h */ = {isa = PBXFileReference; fileEncoding = 4; lastKnownFileType = sourcecode.c.h; path = vdpau.h; sourceTree = "<group>"; };
		66F2F16D21C894B700BACC19 /* version.h */ = {isa = PBXFileReference; fileEncoding = 4; lastKnownFileType = sourcecode.c.h; path = version.h; sourceTree = "<group>"; };
		66F2F16E21C894B700BACC19 /* videotoolbox.h */ = {isa = PBXFileReference; fileEncoding = 4; lastKnownFileType = sourcecode.c.h; path = videotoolbox.h; sourceTree = "<group>"; };
		66F2F16F21C894B700BACC19 /* vorbis_parser.h */ = {isa = PBXFileReference; fileEncoding = 4; lastKnownFileType = sourcecode.c.h; path = vorbis_parser.h; sourceTree = "<group>"; };
		66F2F17021C894B700BACC19 /* xvmc.h */ = {isa = PBXFileReference; fileEncoding = 4; lastKnownFileType = sourcecode.c.h; path = xvmc.h; sourceTree = "<group>"; };
		66F2F17221C894B700BACC19 /* avdevice.h */ = {isa = PBXFileReference; fileEncoding = 4; lastKnownFileType = sourcecode.c.h; path = avdevice.h; sourceTree = "<group>"; };
		66F2F17321C894B700BACC19 /* version.h */ = {isa = PBXFileReference; fileEncoding = 4; lastKnownFileType = sourcecode.c.h; path = version.h; sourceTree = "<group>"; };
		66F2F17521C894B700BACC19 /* avfilter.h */ = {isa = PBXFileReference; fileEncoding = 4; lastKnownFileType = sourcecode.c.h; path = avfilter.h; sourceTree = "<group>"; };
		66F2F17621C894B700BACC19 /* avfiltergraph.h */ = {isa = PBXFileReference; fileEncoding = 4; lastKnownFileType = sourcecode.c.h; path = avfiltergraph.h; sourceTree = "<group>"; };
		66F2F17721C894B700BACC19 /* buffersink.h */ = {isa = PBXFileReference; fileEncoding = 4; lastKnownFileType = sourcecode.c.h; path = buffersink.h; sourceTree = "<group>"; };
		66F2F17821C894B700BACC19 /* buffersrc.h */ = {isa = PBXFileReference; fileEncoding = 4; lastKnownFileType = sourcecode.c.h; path = buffersrc.h; sourceTree = "<group>"; };
		66F2F17921C894B700BACC19 /* version.h */ = {isa = PBXFileReference; fileEncoding = 4; lastKnownFileType = sourcecode.c.h; path = version.h; sourceTree = "<group>"; };
		66F2F17B21C894B700BACC19 /* avformat.h */ = {isa = PBXFileReference; fileEncoding = 4; lastKnownFileType = sourcecode.c.h; path = avformat.h; sourceTree = "<group>"; };
		66F2F17C21C894B700BACC19 /* avio.h */ = {isa = PBXFileReference; fileEncoding = 4; lastKnownFileType = sourcecode.c.h; path = avio.h; sourceTree = "<group>"; };
		66F2F17D21C894B700BACC19 /* network.h */ = {isa = PBXFileReference; fileEncoding = 4; lastKnownFileType = sourcecode.c.h; path = network.h; sourceTree = "<group>"; };
		66F2F17E21C894B700BACC19 /* os_support.h */ = {isa = PBXFileReference; fileEncoding = 4; lastKnownFileType = sourcecode.c.h; path = os_support.h; sourceTree = "<group>"; };
		66F2F17F21C894B700BACC19 /* url.h */ = {isa = PBXFileReference; fileEncoding = 4; lastKnownFileType = sourcecode.c.h; path = url.h; sourceTree = "<group>"; };
		66F2F18021C894B700BACC19 /* version.h */ = {isa = PBXFileReference; fileEncoding = 4; lastKnownFileType = sourcecode.c.h; path = version.h; sourceTree = "<group>"; };
		66F2F18221C894B700BACC19 /* avresample.h */ = {isa = PBXFileReference; fileEncoding = 4; lastKnownFileType = sourcecode.c.h; path = avresample.h; sourceTree = "<group>"; };
		66F2F18321C894B700BACC19 /* version.h */ = {isa = PBXFileReference; fileEncoding = 4; lastKnownFileType = sourcecode.c.h; path = version.h; sourceTree = "<group>"; };
		66F2F18621C894B700BACC19 /* timer.h */ = {isa = PBXFileReference; fileEncoding = 4; lastKnownFileType = sourcecode.c.h; path = timer.h; sourceTree = "<group>"; };
		66F2F18721C894B700BACC19 /* adler32.h */ = {isa = PBXFileReference; fileEncoding = 4; lastKnownFileType = sourcecode.c.h; path = adler32.h; sourceTree = "<group>"; };
		66F2F18821C894B700BACC19 /* aes.h */ = {isa = PBXFileReference; fileEncoding = 4; lastKnownFileType = sourcecode.c.h; path = aes.h; sourceTree = "<group>"; };
		66F2F18921C894B700BACC19 /* aes_ctr.h */ = {isa = PBXFileReference; fileEncoding = 4; lastKnownFileType = sourcecode.c.h; path = aes_ctr.h; sourceTree = "<group>"; };
		66F2F18B21C894B700BACC19 /* timer.h */ = {isa = PBXFileReference; fileEncoding = 4; lastKnownFileType = sourcecode.c.h; path = timer.h; sourceTree = "<group>"; };
		66F2F18C21C894B700BACC19 /* attributes.h */ = {isa = PBXFileReference; fileEncoding = 4; lastKnownFileType = sourcecode.c.h; path = attributes.h; sourceTree = "<group>"; };
		66F2F18D21C894B700BACC19 /* audio_fifo.h */ = {isa = PBXFileReference; fileEncoding = 4; lastKnownFileType = sourcecode.c.h; path = audio_fifo.h; sourceTree = "<group>"; };
		66F2F18E21C894B700BACC19 /* avassert.h */ = {isa = PBXFileReference; fileEncoding = 4; lastKnownFileType = sourcecode.c.h; path = avassert.h; sourceTree = "<group>"; };
		66F2F18F21C894B700BACC19 /* avconfig.h */ = {isa = PBXFileReference; fileEncoding = 4; lastKnownFileType = sourcecode.c.h; path = avconfig.h; sourceTree = "<group>"; };
		66F2F19021C894B700BACC19 /* avstring.h */ = {isa = PBXFileReference; fileEncoding = 4; lastKnownFileType = sourcecode.c.h; path = avstring.h; sourceTree = "<group>"; };
		66F2F19121C894B700BACC19 /* avutil.h */ = {isa = PBXFileReference; fileEncoding = 4; lastKnownFileType = sourcecode.c.h; path = avutil.h; sourceTree = "<group>"; };
		66F2F19221C894B700BACC19 /* base64.h */ = {isa = PBXFileReference; fileEncoding = 4; lastKnownFileType = sourcecode.c.h; path = base64.h; sourceTree = "<group>"; };
		66F2F19321C894B700BACC19 /* blowfish.h */ = {isa = PBXFileReference; fileEncoding = 4; lastKnownFileType = sourcecode.c.h; path = blowfish.h; sourceTree = "<group>"; };
		66F2F19421C894B700BACC19 /* bprint.h */ = {isa = PBXFileReference; fileEncoding = 4; lastKnownFileType = sourcecode.c.h; path = bprint.h; sourceTree = "<group>"; };
		66F2F19521C894B700BACC19 /* bswap.h */ = {isa = PBXFileReference; fileEncoding = 4; lastKnownFileType = sourcecode.c.h; path = bswap.h; sourceTree = "<group>"; };
		66F2F19621C894B700BACC19 /* buffer.h */ = {isa = PBXFileReference; fileEncoding = 4; lastKnownFileType = sourcecode.c.h; path = buffer.h; sourceTree = "<group>"; };
		66F2F19721C894B700BACC19 /* camellia.h */ = {isa = PBXFileReference; fileEncoding = 4; lastKnownFileType = sourcecode.c.h; path = camellia.h; sourceTree = "<group>"; };
		66F2F19821C894B700BACC19 /* cast5.h */ = {isa = PBXFileReference; fileEncoding = 4; lastKnownFileType = sourcecode.c.h; path = cast5.h; sourceTree = "<group>"; };
		66F2F19921C894B700BACC19 /* channel_layout.h */ = {isa = PBXFileReference; fileEncoding = 4; lastKnownFileType = sourcecode.c.h; path = channel_layout.h; sourceTree = "<group>"; };
		66F2F19A21C894B700BACC19 /* common.h */ = {isa = PBXFileReference; fileEncoding = 4; lastKnownFileType = sourcecode.c.h; path = common.h; sourceTree = "<group>"; };
		66F2F19B21C894B700BACC19 /* cpu.h */ = {isa = PBXFileReference; fileEncoding = 4; lastKnownFileType = sourcecode.c.h; path = cpu.h; sourceTree = "<group>"; };
		66F2F19C21C894B700BACC19 /* crc.h */ = {isa = PBXFileReference; fileEncoding = 4; lastKnownFileType = sourcecode.c.h; path = crc.h; sourceTree = "<group>"; };
		66F2F19D21C894B700BACC19 /* des.h */ = {isa = PBXFileReference; fileEncoding = 4; lastKnownFileType = sourcecode.c.h; path = des.h; sourceTree = "<group>"; };
		66F2F19E21C894B700BACC19 /* dict.h */ = {isa = PBXFileReference; fileEncoding = 4; lastKnownFileType = sourcecode.c.h; path = dict.h; sourceTree = "<group>"; };
		66F2F19F21C894B700BACC19 /* display.h */ = {isa = PBXFileReference; fileEncoding = 4; lastKnownFileType = sourcecode.c.h; path = display.h; sourceTree = "<group>"; };
		66F2F1A021C894B700BACC19 /* downmix_info.h */ = {isa = PBXFileReference; fileEncoding = 4; lastKnownFileType = sourcecode.c.h; path = downmix_info.h; sourceTree = "<group>"; };
		66F2F1A121C894B700BACC19 /* error.h */ = {isa = PBXFileReference; fileEncoding = 4; lastKnownFileType = sourcecode.c.h; path = error.h; sourceTree = "<group>"; };
		66F2F1A221C894B700BACC19 /* eval.h */ = {isa = PBXFileReference; fileEncoding = 4; lastKnownFileType = sourcecode.c.h; path = eval.h; sourceTree = "<group>"; };
		66F2F1A321C894B700BACC19 /* ffversion.h */ = {isa = PBXFileReference; fileEncoding = 4; lastKnownFileType = sourcecode.c.h; path = ffversion.h; sourceTree = "<group>"; };
		66F2F1A421C894B700BACC19 /* fifo.h */ = {isa = PBXFileReference; fileEncoding = 4; lastKnownFileType = sourcecode.c.h; path = fifo.h; sourceTree = "<group>"; };
		66F2F1A521C894B700BACC19 /* file.h */ = {isa = PBXFileReference; fileEncoding = 4; lastKnownFileType = sourcecode.c.h; path = file.h; sourceTree = "<group>"; };
		66F2F1A621C894B700BACC19 /* frame.h */ = {isa = PBXFileReference; fileEncoding = 4; lastKnownFileType = sourcecode.c.h; path = frame.h; sourceTree = "<group>"; };
		66F2F1A721C894B700BACC19 /* hash.h */ = {isa = PBXFileReference; fileEncoding = 4; lastKnownFileType = sourcecode.c.h; path = hash.h; sourceTree = "<group>"; };
		66F2F1A821C894B700BACC19 /* hmac.h */ = {isa = PBXFileReference; fileEncoding = 4; lastKnownFileType = sourcecode.c.h; path = hmac.h; sourceTree = "<group>"; };
		66F2F1A921C894B700BACC19 /* imgutils.h */ = {isa = PBXFileReference; fileEncoding = 4; lastKnownFileType = sourcecode.c.h; path = imgutils.h; sourceTree = "<group>"; };
		66F2F1AA21C894B700BACC19 /* internal.h */ = {isa = PBXFileReference; fileEncoding = 4; lastKnownFileType = sourcecode.c.h; path = internal.h; sourceTree = "<group>"; };
		66F2F1AB21C894B700BACC19 /* intfloat.h */ = {isa = PBXFileReference; fileEncoding = 4; lastKnownFileType = sourcecode.c.h; path = intfloat.h; sourceTree = "<group>"; };
		66F2F1AC21C894B700BACC19 /* intreadwrite.h */ = {isa = PBXFileReference; fileEncoding = 4; lastKnownFileType = sourcecode.c.h; path = intreadwrite.h; sourceTree = "<group>"; };
		66F2F1AD21C894B700BACC19 /* lfg.h */ = {isa = PBXFileReference; fileEncoding = 4; lastKnownFileType = sourcecode.c.h; path = lfg.h; sourceTree = "<group>"; };
		66F2F1AE21C894B700BACC19 /* libm.h */ = {isa = PBXFileReference; fileEncoding = 4; lastKnownFileType = sourcecode.c.h; path = libm.h; sourceTree = "<group>"; };
		66F2F1AF21C894B700BACC19 /* log.h */ = {isa = PBXFileReference; fileEncoding = 4; lastKnownFileType = sourcecode.c.h; path = log.h; sourceTree = "<group>"; };
		66F2F1B021C894B700BACC19 /* lzo.h */ = {isa = PBXFileReference; fileEncoding = 4; lastKnownFileType = sourcecode.c.h; path = lzo.h; sourceTree = "<group>"; };
		66F2F1B121C894B700BACC19 /* macros.h */ = {isa = PBXFileReference; fileEncoding = 4; lastKnownFileType = sourcecode.c.h; path = macros.h; sourceTree = "<group>"; };
		66F2F1B221C894B700BACC19 /* mastering_display_metadata.h */ = {isa = PBXFileReference; fileEncoding = 4; lastKnownFileType = sourcecode.c.h; path = mastering_display_metadata.h; sourceTree = "<group>"; };
		66F2F1B321C894B700BACC19 /* mathematics.h */ = {isa = PBXFileReference; fileEncoding = 4; lastKnownFileType = sourcecode.c.h; path = mathematics.h; sourceTree = "<group>"; };
		66F2F1B421C894B700BACC19 /* md5.h */ = {isa = PBXFileReference; fileEncoding = 4; lastKnownFileType = sourcecode.c.h; path = md5.h; sourceTree = "<group>"; };
		66F2F1B521C894B700BACC19 /* mem.h */ = {isa = PBXFileReference; fileEncoding = 4; lastKnownFileType = sourcecode.c.h; path = mem.h; sourceTree = "<group>"; };
		66F2F1B621C894B700BACC19 /* motion_vector.h */ = {isa = PBXFileReference; fileEncoding = 4; lastKnownFileType = sourcecode.c.h; path = motion_vector.h; sourceTree = "<group>"; };
		66F2F1B721C894B700BACC19 /* murmur3.h */ = {isa = PBXFileReference; fileEncoding = 4; lastKnownFileType = sourcecode.c.h; path = murmur3.h; sourceTree = "<group>"; };
		66F2F1B821C894B700BACC19 /* opt.h */ = {isa = PBXFileReference; fileEncoding = 4; lastKnownFileType = sourcecode.c.h; path = opt.h; sourceTree = "<group>"; };
		66F2F1B921C894B700BACC19 /* parseutils.h */ = {isa = PBXFileReference; fileEncoding = 4; lastKnownFileType = sourcecode.c.h; path = parseutils.h; sourceTree = "<group>"; };
		66F2F1BA21C894B700BACC19 /* pixdesc.h */ = {isa = PBXFileReference; fileEncoding = 4; lastKnownFileType = sourcecode.c.h; path = pixdesc.h; sourceTree = "<group>"; };
		66F2F1BB21C894B700BACC19 /* pixelutils.h */ = {isa = PBXFileReference; fileEncoding = 4; lastKnownFileType = sourcecode.c.h; path = pixelutils.h; sourceTree = "<group>"; };
		66F2F1BC21C894B700BACC19 /* pixfmt.h */ = {isa = PBXFileReference; fileEncoding = 4; lastKnownFileType = sourcecode.c.h; path = pixfmt.h; sourceTree = "<group>"; };
		66F2F1BE21C894B700BACC19 /* timer.h */ = {isa = PBXFileReference; fileEncoding = 4; lastKnownFileType = sourcecode.c.h; path = timer.h; sourceTree = "<group>"; };
		66F2F1BF21C894B700BACC19 /* random_seed.h */ = {isa = PBXFileReference; fileEncoding = 4; lastKnownFileType = sourcecode.c.h; path = random_seed.h; sourceTree = "<group>"; };
		66F2F1C021C894B700BACC19 /* rational.h */ = {isa = PBXFileReference; fileEncoding = 4; lastKnownFileType = sourcecode.c.h; path = rational.h; sourceTree = "<group>"; };
		66F2F1C121C894B700BACC19 /* rc4.h */ = {isa = PBXFileReference; fileEncoding = 4; lastKnownFileType = sourcecode.c.h; path = rc4.h; sourceTree = "<group>"; };
		66F2F1C221C894B700BACC19 /* replaygain.h */ = {isa = PBXFileReference; fileEncoding = 4; lastKnownFileType = sourcecode.c.h; path = replaygain.h; sourceTree = "<group>"; };
		66F2F1C321C894B700BACC19 /* ripemd.h */ = {isa = PBXFileReference; fileEncoding = 4; lastKnownFileType = sourcecode.c.h; path = ripemd.h; sourceTree = "<group>"; };
		66F2F1C421C894B700BACC19 /* samplefmt.h */ = {isa = PBXFileReference; fileEncoding = 4; lastKnownFileType = sourcecode.c.h; path = samplefmt.h; sourceTree = "<group>"; };
		66F2F1C521C894B700BACC19 /* sha.h */ = {isa = PBXFileReference; fileEncoding = 4; lastKnownFileType = sourcecode.c.h; path = sha.h; sourceTree = "<group>"; };
		66F2F1C621C894B700BACC19 /* sha512.h */ = {isa = PBXFileReference; fileEncoding = 4; lastKnownFileType = sourcecode.c.h; path = sha512.h; sourceTree = "<group>"; };
		66F2F1C721C894B700BACC19 /* stereo3d.h */ = {isa = PBXFileReference; fileEncoding = 4; lastKnownFileType = sourcecode.c.h; path = stereo3d.h; sourceTree = "<group>"; };
		66F2F1C821C894B700BACC19 /* tea.h */ = {isa = PBXFileReference; fileEncoding = 4; lastKnownFileType = sourcecode.c.h; path = tea.h; sourceTree = "<group>"; };
		66F2F1C921C894B700BACC19 /* threadmessage.h */ = {isa = PBXFileReference; fileEncoding = 4; lastKnownFileType = sourcecode.c.h; path = threadmessage.h; sourceTree = "<group>"; };
		66F2F1CA21C894B700BACC19 /* time.h */ = {isa = PBXFileReference; fileEncoding = 4; lastKnownFileType = sourcecode.c.h; path = time.h; sourceTree = "<group>"; };
		66F2F1CB21C894B700BACC19 /* time_internal.h */ = {isa = PBXFileReference; fileEncoding = 4; lastKnownFileType = sourcecode.c.h; path = time_internal.h; sourceTree = "<group>"; };
		66F2F1CC21C894B700BACC19 /* timecode.h */ = {isa = PBXFileReference; fileEncoding = 4; lastKnownFileType = sourcecode.c.h; path = timecode.h; sourceTree = "<group>"; };
		66F2F1CD21C894B700BACC19 /* timer.h */ = {isa = PBXFileReference; fileEncoding = 4; lastKnownFileType = sourcecode.c.h; path = timer.h; sourceTree = "<group>"; };
		66F2F1CE21C894B700BACC19 /* timestamp.h */ = {isa = PBXFileReference; fileEncoding = 4; lastKnownFileType = sourcecode.c.h; path = timestamp.h; sourceTree = "<group>"; };
		66F2F1CF21C894B700BACC19 /* tree.h */ = {isa = PBXFileReference; fileEncoding = 4; lastKnownFileType = sourcecode.c.h; path = tree.h; sourceTree = "<group>"; };
		66F2F1D021C894B700BACC19 /* twofish.h */ = {isa = PBXFileReference; fileEncoding = 4; lastKnownFileType = sourcecode.c.h; path = twofish.h; sourceTree = "<group>"; };
		66F2F1D121C894B700BACC19 /* version.h */ = {isa = PBXFileReference; fileEncoding = 4; lastKnownFileType = sourcecode.c.h; path = version.h; sourceTree = "<group>"; };
		66F2F1D321C894B700BACC19 /* timer.h */ = {isa = PBXFileReference; fileEncoding = 4; lastKnownFileType = sourcecode.c.h; path = timer.h; sourceTree = "<group>"; };
		66F2F1D421C894B700BACC19 /* xtea.h */ = {isa = PBXFileReference; fileEncoding = 4; lastKnownFileType = sourcecode.c.h; path = xtea.h; sourceTree = "<group>"; };
		66F2F1D621C894B700BACC19 /* postprocess.h */ = {isa = PBXFileReference; fileEncoding = 4; lastKnownFileType = sourcecode.c.h; path = postprocess.h; sourceTree = "<group>"; };
		66F2F1D721C894B700BACC19 /* version.h */ = {isa = PBXFileReference; fileEncoding = 4; lastKnownFileType = sourcecode.c.h; path = version.h; sourceTree = "<group>"; };
		66F2F1D921C894B700BACC19 /* swresample.h */ = {isa = PBXFileReference; fileEncoding = 4; lastKnownFileType = sourcecode.c.h; path = swresample.h; sourceTree = "<group>"; };
		66F2F1DA21C894B700BACC19 /* version.h */ = {isa = PBXFileReference; fileEncoding = 4; lastKnownFileType = sourcecode.c.h; path = version.h; sourceTree = "<group>"; };
		66F2F1DC21C894B700BACC19 /* swscale.h */ = {isa = PBXFileReference; fileEncoding = 4; lastKnownFileType = sourcecode.c.h; path = swscale.h; sourceTree = "<group>"; };
		66F2F1DD21C894B700BACC19 /* version.h */ = {isa = PBXFileReference; fileEncoding = 4; lastKnownFileType = sourcecode.c.h; path = version.h; sourceTree = "<group>"; };
		66F2F1DE21C894B700BACC19 /* FFmpegManager.h */ = {isa = PBXFileReference; fileEncoding = 4; lastKnownFileType = sourcecode.c.h; path = FFmpegManager.h; sourceTree = "<group>"; };
		66F2F1ED21C8956700BACC19 /* libz.tbd */ = {isa = PBXFileReference; lastKnownFileType = "sourcecode.text-based-dylib-definition"; name = libz.tbd; path = usr/lib/libz.tbd; sourceTree = SDKROOT; };
		66F2F1EF21C8958200BACC19 /* libiconv.tbd */ = {isa = PBXFileReference; lastKnownFileType = "sourcecode.text-based-dylib-definition"; name = libiconv.tbd; path = usr/lib/libiconv.tbd; sourceTree = SDKROOT; };
		66F2F1F121C8958D00BACC19 /* libbz2.1.0.tbd */ = {isa = PBXFileReference; lastKnownFileType = "sourcecode.text-based-dylib-definition"; name = libbz2.1.0.tbd; path = usr/lib/libbz2.1.0.tbd; sourceTree = SDKROOT; };
		66F2F1F321C8959600BACC19 /* OpenGLES.framework */ = {isa = PBXFileReference; lastKnownFileType = wrapper.framework; name = OpenGLES.framework; path = System/Library/Frameworks/OpenGLES.framework; sourceTree = SDKROOT; };
		66F2F1F521C895AB00BACC19 /* VideoToolbox.framework */ = {isa = PBXFileReference; lastKnownFileType = wrapper.framework; name = VideoToolbox.framework; path = System/Library/Frameworks/VideoToolbox.framework; sourceTree = SDKROOT; };
		66F2F1F721C895C200BACC19 /* AVFoundation.framework */ = {isa = PBXFileReference; lastKnownFileType = wrapper.framework; name = AVFoundation.framework; path = System/Library/Frameworks/AVFoundation.framework; sourceTree = SDKROOT; };
		66F2F1F921C895D100BACC19 /* MediaPlayer.framework */ = {isa = PBXFileReference; lastKnownFileType = wrapper.framework; name = MediaPlayer.framework; path = System/Library/Frameworks/MediaPlayer.framework; sourceTree = SDKROOT; };
		66F2F1FB21C895E100BACC19 /* CoreMedia.framework */ = {isa = PBXFileReference; lastKnownFileType = wrapper.framework; name = CoreMedia.framework; path = System/Library/Frameworks/CoreMedia.framework; sourceTree = SDKROOT; };
		66F2F1FD21C895EF00BACC19 /* AudioToolbox.framework */ = {isa = PBXFileReference; lastKnownFileType = wrapper.framework; name = AudioToolbox.framework; path = System/Library/Frameworks/AudioToolbox.framework; sourceTree = SDKROOT; };
		66F2F1FF21C895FC00BACC19 /* QuartzCore.framework */ = {isa = PBXFileReference; lastKnownFileType = wrapper.framework; name = QuartzCore.framework; path = System/Library/Frameworks/QuartzCore.framework; sourceTree = SDKROOT; };
		66F2F20121C8960E00BACC19 /* CoreGraphics.framework */ = {isa = PBXFileReference; lastKnownFileType = wrapper.framework; name = CoreGraphics.framework; path = System/Library/Frameworks/CoreGraphics.framework; sourceTree = SDKROOT; };
		66F2F20321C8961C00BACC19 /* CoreVideo.framework */ = {isa = PBXFileReference; lastKnownFileType = wrapper.framework; name = CoreVideo.framework; path = System/Library/Frameworks/CoreVideo.framework; sourceTree = SDKROOT; };
		66F2F20521C8962C00BACC19 /* CoreAudio.framework */ = {isa = PBXFileReference; lastKnownFileType = wrapper.framework; name = CoreAudio.framework; path = System/Library/Frameworks/CoreAudio.framework; sourceTree = SDKROOT; };
		66F2F77321C7A8FD00487797 /* img_one.jpg */ = {isa = PBXFileReference; lastKnownFileType = image.jpeg; path = img_one.jpg; sourceTree = "<group>"; };
		66F2F77521C7AB1D00487797 /* img_two.jpg */ = {isa = PBXFileReference; lastKnownFileType = image.jpeg; path = img_two.jpg; sourceTree = "<group>"; };
/* End PBXFileReference section */

/* Begin PBXFrameworksBuildPhase section */
		66252EAA21C38E1F00533499 /* Frameworks */ = {
			isa = PBXFrameworksBuildPhase;
			buildActionMask = 2147483647;
			files = (
				66F2F20621C8963200BACC19 /* CoreAudio.framework in Frameworks */,
				66F2F20421C8962500BACC19 /* CoreVideo.framework in Frameworks */,
				66F2F20221C8961400BACC19 /* CoreGraphics.framework in Frameworks */,
				66F2F20021C8960100BACC19 /* QuartzCore.framework in Frameworks */,
				66F2F1FE21C895F300BACC19 /* AudioToolbox.framework in Frameworks */,
				66F2F1FC21C895E700BACC19 /* CoreMedia.framework in Frameworks */,
				66F2F1FA21C895D600BACC19 /* MediaPlayer.framework in Frameworks */,
				66F2F1F821C895C800BACC19 /* AVFoundation.framework in Frameworks */,
				66F2F1F621C895B600BACC19 /* VideoToolbox.framework in Frameworks */,
				66F2F1F421C8959E00BACC19 /* OpenGLES.framework in Frameworks */,
				66F2F1EE21C8956F00BACC19 /* libz.tbd in Frameworks */,
				66F2F1E921C894B700BACC19 /* libavutil.a in Frameworks */,
				66F2F1EB21C894B700BACC19 /* libswscale.a in Frameworks */,
				66F2F1E721C894B700BACC19 /* libavfilter.a in Frameworks */,
				66F2F1E621C894B700BACC19 /* libavdevice.a in Frameworks */,
				66F2F1E521C894B700BACC19 /* libavcodec.a in Frameworks */,
				66F2F1F221C8958D00BACC19 /* libbz2.1.0.tbd in Frameworks */,
				66F2F1F021C8958200BACC19 /* libiconv.tbd in Frameworks */,
				66F2F1EA21C894B700BACC19 /* libswresample.a in Frameworks */,
				66F2F1E821C894B700BACC19 /* libavformat.a in Frameworks */,
			);
			runOnlyForDeploymentPostprocessing = 0;
		};
/* End PBXFrameworksBuildPhase section */

/* Begin PBXGroup section */
		66252EA421C38E1F00533499 = {
			isa = PBXGroup;
			children = (
				66252EAF21C38E1F00533499 /* DetectorSample */,
				66252EAE21C38E1F00533499 /* Products */,
				66252EC921C3A8FC00533499 /* Frameworks */,
			);
			sourceTree = "<group>";
		};
		66252EAE21C38E1F00533499 /* Products */ = {
			isa = PBXGroup;
			children = (
				66252EAD21C38E1F00533499 /* DetectorSample.app */,
			);
			name = Products;
			sourceTree = "<group>";
		};
		66252EAF21C38E1F00533499 /* DetectorSample */ = {
			isa = PBXGroup;
			children = (
				66F2F14721C8948D00BACC19 /* ffmpeg */,
				66F2F77221C7A8D500487797 /* image */,
				66252EB021C38E1F00533499 /* AppDelegate.h */,
				66252EB121C38E1F00533499 /* AppDelegate.m */,
				66252EB321C38E1F00533499 /* ViewController.h */,
				66252EB421C38E1F00533499 /* ViewController.m */,
				66252EB621C38E1F00533499 /* Main.storyboard */,
				66252EBC21C38E1F00533499 /* Assets.xcassets */,
				66252EBE21C38E1F00533499 /* LaunchScreen.storyboard */,
				66252EC121C38E1F00533499 /* Info.plist */,
				66252EC221C38E1F00533499 /* main.m */,
				66252EB921C38E1F00533499 /* DetectorSample.xcdatamodeld */,
			);
			path = DetectorSample;
			sourceTree = "<group>";
		};
		66252EC921C3A8FC00533499 /* Frameworks */ = {
			isa = PBXGroup;
			children = (
				66F2F20521C8962C00BACC19 /* CoreAudio.framework */,
				66F2F20321C8961C00BACC19 /* CoreVideo.framework */,
				66F2F20121C8960E00BACC19 /* CoreGraphics.framework */,
				66F2F1FF21C895FC00BACC19 /* QuartzCore.framework */,
				66F2F1FD21C895EF00BACC19 /* AudioToolbox.framework */,
				66F2F1FB21C895E100BACC19 /* CoreMedia.framework */,
				66F2F1F921C895D100BACC19 /* MediaPlayer.framework */,
				66F2F1F721C895C200BACC19 /* AVFoundation.framework */,
				66F2F1F521C895AB00BACC19 /* VideoToolbox.framework */,
				66F2F1F321C8959600BACC19 /* OpenGLES.framework */,
				66F2F1F121C8958D00BACC19 /* libbz2.1.0.tbd */,
				66F2F1EF21C8958200BACC19 /* libiconv.tbd */,
				66F2F1ED21C8956700BACC19 /* libz.tbd */,
				66252ECA21C3A8FC00533499 /* CFNetwork.framework */,
			);
			name = Frameworks;
			sourceTree = "<group>";
		};
		66F2F14721C8948D00BACC19 /* ffmpeg */ = {
			isa = PBXGroup;
			children = (
				66F2F14A21C894AD00BACC19 /* FFmpeg */,
				66F2F14921C894AD00BACC19 /* FFmpegConverOC.h */,
				66F2F14821C894AD00BACC19 /* FFmpegConverOC.m */,
				66F2F1DE21C894B700BACC19 /* FFmpegManager.h */,
				66F2F15C21C894B500BACC19 /* FFmpegManager.m */,
				66F2F15D21C894B700BACC19 /* include */,
				66F2F15421C894B500BACC19 /* lib */,
			);
			path = ffmpeg;
			sourceTree = "<group>";
		};
		66F2F14A21C894AD00BACC19 /* FFmpeg */ = {
			isa = PBXGroup;
			children = (
				66F2F14B21C894AD00BACC19 /* cmdutils.c */,
				66F2F14C21C894AD00BACC19 /* cmdutils.h */,
				66F2F14D21C894AD00BACC19 /* cmdutils_common_opts.h */,
				66F2F14E21C894AD00BACC19 /* config.h */,
				66F2F14F21C894AD00BACC19 /* ffmpeg.c */,
				66F2F15021C894AD00BACC19 /* ffmpeg.h */,
				66F2F15121C894AD00BACC19 /* ffmpeg_filter.c */,
				66F2F15221C894AD00BACC19 /* ffmpeg_opt.c */,
				66F2F15321C894AD00BACC19 /* ffmpeg_videotoolbox.c */,
			);
			path = FFmpeg;
			sourceTree = "<group>";
		};
		66F2F15421C894B500BACC19 /* lib */ = {
			isa = PBXGroup;
			children = (
				66F2F15521C894B500BACC19 /* libavcodec.a */,
				66F2F15621C894B500BACC19 /* libavdevice.a */,
				66F2F15721C894B500BACC19 /* libavfilter.a */,
				66F2F15821C894B500BACC19 /* libavformat.a */,
				66F2F15921C894B500BACC19 /* libavutil.a */,
				66F2F15A21C894B500BACC19 /* libswresample.a */,
				66F2F15B21C894B500BACC19 /* libswscale.a */,
			);
			path = lib;
			sourceTree = "<group>";
		};
		66F2F15D21C894B700BACC19 /* include */ = {
			isa = PBXGroup;
			children = (
				66F2F15E21C894B700BACC19 /* compat */,
				66F2F16021C894B700BACC19 /* libavcodec */,
				66F2F17121C894B700BACC19 /* libavdevice */,
				66F2F17421C894B700BACC19 /* libavfilter */,
				66F2F17A21C894B700BACC19 /* libavformat */,
				66F2F18121C894B700BACC19 /* libavresample */,
				66F2F18421C894B700BACC19 /* libavutil */,
				66F2F1D521C894B700BACC19 /* libpostproc */,
				66F2F1D821C894B700BACC19 /* libswresample */,
				66F2F1DB21C894B700BACC19 /* libswscale */,
			);
			path = include;
			sourceTree = "<group>";
		};
		66F2F15E21C894B700BACC19 /* compat */ = {
			isa = PBXGroup;
			children = (
				66F2F15F21C894B700BACC19 /* va_copy.h */,
			);
			path = compat;
			sourceTree = "<group>";
		};
		66F2F16021C894B700BACC19 /* libavcodec */ = {
			isa = PBXGroup;
			children = (
				66F2F16121C894B700BACC19 /* avcodec.h */,
				66F2F16221C894B700BACC19 /* avdct.h */,
				66F2F16321C894B700BACC19 /* avfft.h */,
				66F2F16421C894B700BACC19 /* d3d11va.h */,
				66F2F16521C894B700BACC19 /* dirac.h */,
				66F2F16621C894B700BACC19 /* dv_profile.h */,
				66F2F16721C894B700BACC19 /* dxva2.h */,
				66F2F16821C894B700BACC19 /* mathops.h */,
				66F2F16921C894B700BACC19 /* qsv.h */,
				66F2F16A21C894B700BACC19 /* vaapi.h */,
				66F2F16B21C894B700BACC19 /* vda.h */,
				66F2F16C21C894B700BACC19 /* vdpau.h */,
				66F2F16D21C894B700BACC19 /* version.h */,
				66F2F16E21C894B700BACC19 /* videotoolbox.h */,
				66F2F16F21C894B700BACC19 /* vorbis_parser.h */,
				66F2F17021C894B700BACC19 /* xvmc.h */,
			);
			path = libavcodec;
			sourceTree = "<group>";
		};
		66F2F17121C894B700BACC19 /* libavdevice */ = {
			isa = PBXGroup;
			children = (
				66F2F17221C894B700BACC19 /* avdevice.h */,
				66F2F17321C894B700BACC19 /* version.h */,
			);
			path = libavdevice;
			sourceTree = "<group>";
		};
		66F2F17421C894B700BACC19 /* libavfilter */ = {
			isa = PBXGroup;
			children = (
				66F2F17521C894B700BACC19 /* avfilter.h */,
				66F2F17621C894B700BACC19 /* avfiltergraph.h */,
				66F2F17721C894B700BACC19 /* buffersink.h */,
				66F2F17821C894B700BACC19 /* buffersrc.h */,
				66F2F17921C894B700BACC19 /* version.h */,
			);
			path = libavfilter;
			sourceTree = "<group>";
		};
		66F2F17A21C894B700BACC19 /* libavformat */ = {
			isa = PBXGroup;
			children = (
				66F2F17B21C894B700BACC19 /* avformat.h */,
				66F2F17C21C894B700BACC19 /* avio.h */,
				66F2F17D21C894B700BACC19 /* network.h */,
				66F2F17E21C894B700BACC19 /* os_support.h */,
				66F2F17F21C894B700BACC19 /* url.h */,
				66F2F18021C894B700BACC19 /* version.h */,
			);
			path = libavformat;
			sourceTree = "<group>";
		};
		66F2F18121C894B700BACC19 /* libavresample */ = {
			isa = PBXGroup;
			children = (
				66F2F18221C894B700BACC19 /* avresample.h */,
				66F2F18321C894B700BACC19 /* version.h */,
			);
			path = libavresample;
			sourceTree = "<group>";
		};
		66F2F18421C894B700BACC19 /* libavutil */ = {
			isa = PBXGroup;
			children = (
				66F2F18521C894B700BACC19 /* aarch64 */,
				66F2F18721C894B700BACC19 /* adler32.h */,
				66F2F18821C894B700BACC19 /* aes.h */,
				66F2F18921C894B700BACC19 /* aes_ctr.h */,
				66F2F18A21C894B700BACC19 /* arm */,
				66F2F18C21C894B700BACC19 /* attributes.h */,
				66F2F18D21C894B700BACC19 /* audio_fifo.h */,
				66F2F18E21C894B700BACC19 /* avassert.h */,
				66F2F18F21C894B700BACC19 /* avconfig.h */,
				66F2F19021C894B700BACC19 /* avstring.h */,
				66F2F19121C894B700BACC19 /* avutil.h */,
				66F2F19221C894B700BACC19 /* base64.h */,
				66F2F19321C894B700BACC19 /* blowfish.h */,
				66F2F19421C894B700BACC19 /* bprint.h */,
				66F2F19521C894B700BACC19 /* bswap.h */,
				66F2F19621C894B700BACC19 /* buffer.h */,
				66F2F19721C894B700BACC19 /* camellia.h */,
				66F2F19821C894B700BACC19 /* cast5.h */,
				66F2F19921C894B700BACC19 /* channel_layout.h */,
				66F2F19A21C894B700BACC19 /* common.h */,
				66F2F19B21C894B700BACC19 /* cpu.h */,
				66F2F19C21C894B700BACC19 /* crc.h */,
				66F2F19D21C894B700BACC19 /* des.h */,
				66F2F19E21C894B700BACC19 /* dict.h */,
				66F2F19F21C894B700BACC19 /* display.h */,
				66F2F1A021C894B700BACC19 /* downmix_info.h */,
				66F2F1A121C894B700BACC19 /* error.h */,
				66F2F1A221C894B700BACC19 /* eval.h */,
				66F2F1A321C894B700BACC19 /* ffversion.h */,
				66F2F1A421C894B700BACC19 /* fifo.h */,
				66F2F1A521C894B700BACC19 /* file.h */,
				66F2F1A621C894B700BACC19 /* frame.h */,
				66F2F1A721C894B700BACC19 /* hash.h */,
				66F2F1A821C894B700BACC19 /* hmac.h */,
				66F2F1A921C894B700BACC19 /* imgutils.h */,
				66F2F1AA21C894B700BACC19 /* internal.h */,
				66F2F1AB21C894B700BACC19 /* intfloat.h */,
				66F2F1AC21C894B700BACC19 /* intreadwrite.h */,
				66F2F1AD21C894B700BACC19 /* lfg.h */,
				66F2F1AE21C894B700BACC19 /* libm.h */,
				66F2F1AF21C894B700BACC19 /* log.h */,
				66F2F1B021C894B700BACC19 /* lzo.h */,
				66F2F1B121C894B700BACC19 /* macros.h */,
				66F2F1B221C894B700BACC19 /* mastering_display_metadata.h */,
				66F2F1B321C894B700BACC19 /* mathematics.h */,
				66F2F1B421C894B700BACC19 /* md5.h */,
				66F2F1B521C894B700BACC19 /* mem.h */,
				66F2F1B621C894B700BACC19 /* motion_vector.h */,
				66F2F1B721C894B700BACC19 /* murmur3.h */,
				66F2F1B821C894B700BACC19 /* opt.h */,
				66F2F1B921C894B700BACC19 /* parseutils.h */,
				66F2F1BA21C894B700BACC19 /* pixdesc.h */,
				66F2F1BB21C894B700BACC19 /* pixelutils.h */,
				66F2F1BC21C894B700BACC19 /* pixfmt.h */,
				66F2F1BD21C894B700BACC19 /* ppc */,
				66F2F1BF21C894B700BACC19 /* random_seed.h */,
				66F2F1C021C894B700BACC19 /* rational.h */,
				66F2F1C121C894B700BACC19 /* rc4.h */,
				66F2F1C221C894B700BACC19 /* replaygain.h */,
				66F2F1C321C894B700BACC19 /* ripemd.h */,
				66F2F1C421C894B700BACC19 /* samplefmt.h */,
				66F2F1C521C894B700BACC19 /* sha.h */,
				66F2F1C621C894B700BACC19 /* sha512.h */,
				66F2F1C721C894B700BACC19 /* stereo3d.h */,
				66F2F1C821C894B700BACC19 /* tea.h */,
				66F2F1C921C894B700BACC19 /* threadmessage.h */,
				66F2F1CA21C894B700BACC19 /* time.h */,
				66F2F1CB21C894B700BACC19 /* time_internal.h */,
				66F2F1CC21C894B700BACC19 /* timecode.h */,
				66F2F1CD21C894B700BACC19 /* timer.h */,
				66F2F1CE21C894B700BACC19 /* timestamp.h */,
				66F2F1CF21C894B700BACC19 /* tree.h */,
				66F2F1D021C894B700BACC19 /* twofish.h */,
				66F2F1D121C894B700BACC19 /* version.h */,
				66F2F1D221C894B700BACC19 /* x86 */,
				66F2F1D421C894B700BACC19 /* xtea.h */,
			);
			path = libavutil;
			sourceTree = "<group>";
		};
		66F2F18521C894B700BACC19 /* aarch64 */ = {
			isa = PBXGroup;
			children = (
				66F2F18621C894B700BACC19 /* timer.h */,
			);
			path = aarch64;
			sourceTree = "<group>";
		};
		66F2F18A21C894B700BACC19 /* arm */ = {
			isa = PBXGroup;
			children = (
				66F2F18B21C894B700BACC19 /* timer.h */,
			);
			path = arm;
			sourceTree = "<group>";
		};
		66F2F1BD21C894B700BACC19 /* ppc */ = {
			isa = PBXGroup;
			children = (
				66F2F1BE21C894B700BACC19 /* timer.h */,
			);
			path = ppc;
			sourceTree = "<group>";
		};
		66F2F1D221C894B700BACC19 /* x86 */ = {
			isa = PBXGroup;
			children = (
				66F2F1D321C894B700BACC19 /* timer.h */,
			);
			path = x86;
			sourceTree = "<group>";
		};
		66F2F1D521C894B700BACC19 /* libpostproc */ = {
			isa = PBXGroup;
			children = (
				66F2F1D621C894B700BACC19 /* postprocess.h */,
				66F2F1D721C894B700BACC19 /* version.h */,
			);
			path = libpostproc;
			sourceTree = "<group>";
		};
		66F2F1D821C894B700BACC19 /* libswresample */ = {
			isa = PBXGroup;
			children = (
				66F2F1D921C894B700BACC19 /* swresample.h */,
				66F2F1DA21C894B700BACC19 /* version.h */,
			);
			path = libswresample;
			sourceTree = "<group>";
		};
		66F2F1DB21C894B700BACC19 /* libswscale */ = {
			isa = PBXGroup;
			children = (
				66F2F1DC21C894B700BACC19 /* swscale.h */,
				66F2F1DD21C894B700BACC19 /* version.h */,
			);
			path = libswscale;
			sourceTree = "<group>";
		};
		66F2F77221C7A8D500487797 /* image */ = {
			isa = PBXGroup;
			children = (
				66F2F77521C7AB1D00487797 /* img_two.jpg */,
				66F2F77321C7A8FD00487797 /* img_one.jpg */,
			);
			path = image;
			sourceTree = "<group>";
		};
/* End PBXGroup section */

/* Begin PBXNativeTarget section */
		66252EAC21C38E1F00533499 /* DetectorSample */ = {
			isa = PBXNativeTarget;
			buildConfigurationList = 66252EC621C38E1F00533499 /* Build configuration list for PBXNativeTarget "DetectorSample" */;
			buildPhases = (
				66252EA921C38E1F00533499 /* Sources */,
				66252EAA21C38E1F00533499 /* Frameworks */,
				66252EAB21C38E1F00533499 /* Resources */,
			);
			buildRules = (
			);
			dependencies = (
			);
			name = DetectorSample;
			productName = DetectorSample;
			productReference = 66252EAD21C38E1F00533499 /* DetectorSample.app */;
			productType = "com.apple.product-type.application";
		};
/* End PBXNativeTarget section */

/* Begin PBXProject section */
		66252EA521C38E1F00533499 /* Project object */ = {
			isa = PBXProject;
			attributes = {
				LastUpgradeCheck = 0910;
				ORGANIZATIONNAME = luoyingxing;
				TargetAttributes = {
					66252EAC21C38E1F00533499 = {
						CreatedOnToolsVersion = 9.1;
						ProvisioningStyle = Automatic;
					};
				};
			};
			buildConfigurationList = 66252EA821C38E1F00533499 /* Build configuration list for PBXProject "DetectorSample" */;
			compatibilityVersion = "Xcode 8.0";
			developmentRegion = en;
			hasScannedForEncodings = 0;
			knownRegions = (
				en,
				Base,
			);
			mainGroup = 66252EA421C38E1F00533499;
			productRefGroup = 66252EAE21C38E1F00533499 /* Products */;
			projectDirPath = "";
			projectRoot = "";
			targets = (
				66252EAC21C38E1F00533499 /* DetectorSample */,
			);
		};
/* End PBXProject section */

/* Begin PBXResourcesBuildPhase section */
		66252EAB21C38E1F00533499 /* Resources */ = {
			isa = PBXResourcesBuildPhase;
			buildActionMask = 2147483647;
			files = (
				66F2F77421C7A8FD00487797 /* img_one.jpg in Resources */,
				66252EC021C38E1F00533499 /* LaunchScreen.storyboard in Resources */,
				66252EBD21C38E1F00533499 /* Assets.xcassets in Resources */,
				66252EB821C38E1F00533499 /* Main.storyboard in Resources */,
				66F2F77621C7AB1D00487797 /* img_two.jpg in Resources */,
			);
			runOnlyForDeploymentPostprocessing = 0;
		};
/* End PBXResourcesBuildPhase section */

/* Begin PBXSourcesBuildPhase section */
		66252EA921C38E1F00533499 /* Sources */ = {
			isa = PBXSourcesBuildPhase;
			buildActionMask = 2147483647;
			files = (
				66F2F1DF21C894B700BACC19 /* FFmpegConverOC.m in Sources */,
				66252EB521C38E1F00533499 /* ViewController.m in Sources */,
				66F2F1E221C894B700BACC19 /* ffmpeg_filter.c in Sources */,
				66F2F1E321C894B700BACC19 /* ffmpeg_opt.c in Sources */,
				66F2F1E021C894B700BACC19 /* cmdutils.c in Sources */,
				66252EB221C38E1F00533499 /* AppDelegate.m in Sources */,
				66252EC321C38E1F00533499 /* main.m in Sources */,
				66F2F1E121C894B700BACC19 /* ffmpeg.c in Sources */,
				66F2F1EC21C894B700BACC19 /* FFmpegManager.m in Sources */,
				66F2F1E421C894B700BACC19 /* ffmpeg_videotoolbox.c in Sources */,
				66252EBB21C38E1F00533499 /* DetectorSample.xcdatamodeld in Sources */,
			);
			runOnlyForDeploymentPostprocessing = 0;
		};
/* End PBXSourcesBuildPhase section */

/* Begin PBXVariantGroup section */
		66252EB621C38E1F00533499 /* Main.storyboard */ = {
			isa = PBXVariantGroup;
			children = (
				66252EB721C38E1F00533499 /* Base */,
			);
			name = Main.storyboard;
			sourceTree = "<group>";
		};
		66252EBE21C38E1F00533499 /* LaunchScreen.storyboard */ = {
			isa = PBXVariantGroup;
			children = (
				66252EBF21C38E1F00533499 /* Base */,
			);
			name = LaunchScreen.storyboard;
			sourceTree = "<group>";
		};
/* End PBXVariantGroup section */

/* Begin XCBuildConfiguration section */
		66252EC421C38E1F00533499 /* Debug */ = {
			isa = XCBuildConfiguration;
			buildSettings = {
				ALWAYS_SEARCH_USER_PATHS = NO;
				CLANG_ANALYZER_NONNULL = YES;
				CLANG_ANALYZER_NUMBER_OBJECT_CONVERSION = YES_AGGRESSIVE;
				CLANG_CXX_LANGUAGE_STANDARD = "gnu++14";
				CLANG_CXX_LIBRARY = "libc++";
				CLANG_ENABLE_MODULES = YES;
				CLANG_ENABLE_OBJC_ARC = YES;
				CLANG_WARN_BLOCK_CAPTURE_AUTORELEASING = YES;
				CLANG_WARN_BOOL_CONVERSION = YES;
				CLANG_WARN_COMMA = YES;
				CLANG_WARN_CONSTANT_CONVERSION = YES;
				CLANG_WARN_DIRECT_OBJC_ISA_USAGE = YES_ERROR;
				CLANG_WARN_DOCUMENTATION_COMMENTS = YES;
				CLANG_WARN_EMPTY_BODY = YES;
				CLANG_WARN_ENUM_CONVERSION = YES;
				CLANG_WARN_INFINITE_RECURSION = YES;
				CLANG_WARN_INT_CONVERSION = YES;
				CLANG_WARN_NON_LITERAL_NULL_CONVERSION = YES;
				CLANG_WARN_OBJC_LITERAL_CONVERSION = YES;
				CLANG_WARN_OBJC_ROOT_CLASS = YES_ERROR;
				CLANG_WARN_RANGE_LOOP_ANALYSIS = YES;
				CLANG_WARN_STRICT_PROTOTYPES = YES;
				CLANG_WARN_SUSPICIOUS_MOVE = YES;
				CLANG_WARN_UNGUARDED_AVAILABILITY = YES_AGGRESSIVE;
				CLANG_WARN_UNREACHABLE_CODE = YES;
				CLANG_WARN__DUPLICATE_METHOD_MATCH = YES;
				CODE_SIGN_IDENTITY = "iPhone Developer";
				COPY_PHASE_STRIP = NO;
				DEBUG_INFORMATION_FORMAT = dwarf;
				ENABLE_STRICT_OBJC_MSGSEND = YES;
				ENABLE_TESTABILITY = YES;
				GCC_C_LANGUAGE_STANDARD = gnu11;
				GCC_DYNAMIC_NO_PIC = NO;
				GCC_NO_COMMON_BLOCKS = YES;
				GCC_OPTIMIZATION_LEVEL = 0;
				GCC_PREPROCESSOR_DEFINITIONS = (
					"DEBUG=1",
					"$(inherited)",
				);
				GCC_WARN_64_TO_32_BIT_CONVERSION = YES;
				GCC_WARN_ABOUT_RETURN_TYPE = YES_ERROR;
				GCC_WARN_UNDECLARED_SELECTOR = YES;
				GCC_WARN_UNINITIALIZED_AUTOS = YES_AGGRESSIVE;
				GCC_WARN_UNUSED_FUNCTION = YES;
				GCC_WARN_UNUSED_VARIABLE = YES;
				IPHONEOS_DEPLOYMENT_TARGET = 11.1;
				MTL_ENABLE_DEBUG_INFO = YES;
				ONLY_ACTIVE_ARCH = YES;
				SDKROOT = iphoneos;
			};
			name = Debug;
		};
		66252EC521C38E1F00533499 /* Release */ = {
			isa = XCBuildConfiguration;
			buildSettings = {
				ALWAYS_SEARCH_USER_PATHS = NO;
				CLANG_ANALYZER_NONNULL = YES;
				CLANG_ANALYZER_NUMBER_OBJECT_CONVERSION = YES_AGGRESSIVE;
				CLANG_CXX_LANGUAGE_STANDARD = "gnu++14";
				CLANG_CXX_LIBRARY = "libc++";
				CLANG_ENABLE_MODULES = YES;
				CLANG_ENABLE_OBJC_ARC = YES;
				CLANG_WARN_BLOCK_CAPTURE_AUTORELEASING = YES;
				CLANG_WARN_BOOL_CONVERSION = YES;
				CLANG_WARN_COMMA = YES;
				CLANG_WARN_CONSTANT_CONVERSION = YES;
				CLANG_WARN_DIRECT_OBJC_ISA_USAGE = YES_ERROR;
				CLANG_WARN_DOCUMENTATION_COMMENTS = YES;
				CLANG_WARN_EMPTY_BODY = YES;
				CLANG_WARN_ENUM_CONVERSION = YES;
				CLANG_WARN_INFINITE_RECURSION = YES;
				CLANG_WARN_INT_CONVERSION = YES;
				CLANG_WARN_NON_LITERAL_NULL_CONVERSION = YES;
				CLANG_WARN_OBJC_LITERAL_CONVERSION = YES;
				CLANG_WARN_OBJC_ROOT_CLASS = YES_ERROR;
				CLANG_WARN_RANGE_LOOP_ANALYSIS = YES;
				CLANG_WARN_STRICT_PROTOTYPES = YES;
				CLANG_WARN_SUSPICIOUS_MOVE = YES;
				CLANG_WARN_UNGUARDED_AVAILABILITY = YES_AGGRESSIVE;
				CLANG_WARN_UNREACHABLE_CODE = YES;
				CLANG_WARN__DUPLICATE_METHOD_MATCH = YES;
				CODE_SIGN_IDENTITY = "iPhone Developer";
				COPY_PHASE_STRIP = NO;
				DEBUG_INFORMATION_FORMAT = "dwarf-with-dsym";
				ENABLE_NS_ASSERTIONS = NO;
				ENABLE_STRICT_OBJC_MSGSEND = YES;
				GCC_C_LANGUAGE_STANDARD = gnu11;
				GCC_NO_COMMON_BLOCKS = YES;
				GCC_WARN_64_TO_32_BIT_CONVERSION = YES;
				GCC_WARN_ABOUT_RETURN_TYPE = YES_ERROR;
				GCC_WARN_UNDECLARED_SELECTOR = YES;
				GCC_WARN_UNINITIALIZED_AUTOS = YES_AGGRESSIVE;
				GCC_WARN_UNUSED_FUNCTION = YES;
				GCC_WARN_UNUSED_VARIABLE = YES;
				IPHONEOS_DEPLOYMENT_TARGET = 11.1;
				MTL_ENABLE_DEBUG_INFO = NO;
				SDKROOT = iphoneos;
				VALIDATE_PRODUCT = YES;
			};
			name = Release;
		};
		66252EC721C38E1F00533499 /* Debug */ = {
			isa = XCBuildConfiguration;
			buildSettings = {
				ASSETCATALOG_COMPILER_APPICON_NAME = AppIcon;
				CODE_SIGN_STYLE = Automatic;
				DEVELOPMENT_TEAM = 2H9UL4H6T4;
				HEADER_SEARCH_PATHS = (
					"$(inherited)",
					"$(PROJECT_DIR)/DetectorSample/ffmpeg/include",
				);
				INFOPLIST_FILE = DetectorSample/Info.plist;
				IPHONEOS_DEPLOYMENT_TARGET = 9.0;
				LD_RUNPATH_SEARCH_PATHS = "$(inherited) @executable_path/Frameworks";
				LIBRARY_SEARCH_PATHS = (
					"$(inherited)",
					"$(PROJECT_DIR)/DetectorSample/ffmpeg/lib",
				);
				PRODUCT_BUNDLE_IDENTIFIER = con.conwin.DetectorSample;
				PRODUCT_NAME = "$(TARGET_NAME)";
				TARGETED_DEVICE_FAMILY = "1,2";
			};
			name = Debug;
		};
		66252EC821C38E1F00533499 /* Release */ = {
			isa = XCBuildConfiguration;
			buildSettings = {
				ASSETCATALOG_COMPILER_APPICON_NAME = AppIcon;
				CODE_SIGN_STYLE = Automatic;
				DEVELOPMENT_TEAM = 2H9UL4H6T4;
				HEADER_SEARCH_PATHS = (
					"$(inherited)",
					"$(PROJECT_DIR)/DetectorSample/ffmpeg/include",
				);
				INFOPLIST_FILE = DetectorSample/Info.plist;
				IPHONEOS_DEPLOYMENT_TARGET = 9.0;
				LD_RUNPATH_SEARCH_PATHS = "$(inherited) @executable_path/Frameworks";
				LIBRARY_SEARCH_PATHS = (
					"$(inherited)",
					"$(PROJECT_DIR)/DetectorSample/ffmpeg/lib",
				);
				PRODUCT_BUNDLE_IDENTIFIER = con.conwin.DetectorSample;
				PRODUCT_NAME = "$(TARGET_NAME)";
				TARGETED_DEVICE_FAMILY = "1,2";
			};
			name = Release;
		};
/* End XCBuildConfiguration section */

/* Begin XCConfigurationList section */
		66252EA821C38E1F00533499 /* Build configuration list for PBXProject "DetectorSample" */ = {
			isa = XCConfigurationList;
			buildConfigurations = (
				66252EC421C38E1F00533499 /* Debug */,
				66252EC521C38E1F00533499 /* Release */,
			);
			defaultConfigurationIsVisible = 0;
			defaultConfigurationName = Release;
		};
		66252EC621C38E1F00533499 /* Build configuration list for PBXNativeTarget "DetectorSample" */ = {
			isa = XCConfigurationList;
			buildConfigurations = (
				66252EC721C38E1F00533499 /* Debug */,
				66252EC821C38E1F00533499 /* Release */,
			);
			defaultConfigurationIsVisible = 0;
			defaultConfigurationName = Release;
		};
/* End XCConfigurationList section */

/* Begin XCVersionGroup section */
		66252EB921C38E1F00533499 /* DetectorSample.xcdatamodeld */ = {
			isa = XCVersionGroup;
			children = (
				66252EBA21C38E1F00533499 /* DetectorSample.xcdatamodel */,
			);
			currentVersion = 66252EBA21C38E1F00533499 /* DetectorSample.xcdatamodel */;
			path = DetectorSample.xcdatamodeld;
			sourceTree = "<group>";
			versionGroupType = wrapper.xcdatamodel;
		};
/* End XCVersionGroup section */
	};
	rootObject = 66252EA521C38E1F00533499 /* Project object */;
}
